
Microsoft Visual Studio Solution File, Format Version 12.00
# Visual Studio Version 17
VisualStudioVersion = 17.6.33829.357
MinimumVisualStudioVersion = 10.0.40219.1
Project("{FAE04EC0-301F-11D3-BF4B-00C04F79EFBC}") = "FeiraFacil.Core", "FeiraFacil.Core\FeiraFacil.Core.csproj", "{D5E8880E-93ED-4D9C-A0B3-A55F0001FED4}"
EndProject
Project("{FAE04EC0-301F-11D3-BF4B-00C04F79EFBC}") = "ConsoleApp", "ConsoleApp\ConsoleApp.csproj", "{E21998FF-68FB-4786-87FF-FD266F7933D0}"
EndProject
Global
	GlobalSection(SolutionConfigurationPlatforms) = preSolution
		Debug|Any CPU = Debug|Any CPU
		Release|Any CPU = Release|Any CPU
	EndGlobalSection
	GlobalSection(ProjectConfigurationPlatforms) = postSolution
		{D5E8880E-93ED-4D9C-A0B3-A55F0001FED4}.Debug|Any CPU.ActiveCfg = Debug|Any CPU
		{D5E8880E-93ED-4D9C-A0B3-A55F0001FED4}.Debug|Any CPU.Build.0 = Debug|Any CPU
		{D5E8880E-93ED-4D9C-A0B3-A55F0001FED4}.Release|Any CPU.ActiveCfg = Release|Any CPU
		{D5E8880E-93ED-4D9C-A0B3-A55F0001FED4}.Release|Any CPU.Build.0 = Release|Any CPU
		{E21998FF-68FB-4786-87FF-FD266F7933D0}.Debug|Any CPU.ActiveCfg = Debug|Any CPU
		{E21998FF-68FB-4786-87FF-FD266F7933D0}.Debug|Any CPU.Build.0 = Debug|Any CPU
		{E21998FF-68FB-4786-87FF-FD266F7933D0}.Release|Any CPU.ActiveCfg = Release|Any CPU
		{E21998FF-68FB-4786-87FF-FD266F7933D0}.Release|Any CPU.Build.0 = Release|Any CPU
	EndGlobalSection
	GlobalSection(SolutionProperties) = preSolution
		HideSolutionNode = FALSE
	EndGlobalSection
	GlobalSection(ExtensibilityGlobals) = postSolution
		SolutionGuid = {46547739-0AA1-4079-9498-975C13979968}
	EndGlobalSection
EndGlobal
